
Microsoft Visual Studio Solution File, Format Version 12.00
# Visual Studio Version 17
VisualStudioVersion = 17.6.33723.286
MinimumVisualStudioVersion = 10.0.40219.1
Project("{FAE04EC0-301F-11D3-BF4B-00C04F79EFBC}") = "ERP_simple", "ERP_simple\ERP_simple.csproj", "{D1286348-6EC4-438A-8125-733A68E12F5B}"
EndProject
Global
	GlobalSection(SolutionConfigurationPlatforms) = preSolution
		Debug|Any CPU = Debug|Any CPU
		Release|Any CPU = Release|Any CPU
	EndGlobalSection
	GlobalSection(ProjectConfigurationPlatforms) = postSolution
		{D1286348-6EC4-438A-8125-733A68E12F5B}.Debug|Any CPU.ActiveCfg = Debug|Any CPU
		{D1286348-6EC4-438A-8125-733A68E12F5B}.Debug|Any CPU.Build.0 = Debug|Any CPU
		{D1286348-6EC4-438A-8125-733A68E12F5B}.Release|Any CPU.ActiveCfg = Release|Any CPU
		{D1286348-6EC4-438A-8125-733A68E12F5B}.Release|Any CPU.Build.0 = Release|Any CPU
	EndGlobalSection
	GlobalSection(SolutionProperties) = preSolution
		HideSolutionNode = FALSE
	EndGlobalSection
	GlobalSection(ExtensibilityGlobals) = postSolution
		SolutionGuid = {AE67B87C-5FFF-40A2-BC26-5DEFA8DEF2E8}
	EndGlobalSection
EndGlobal
